
Microsoft Visual Studio Solution File, Format Version 12.00
# Visual Studio Version 17
VisualStudioVersion = 17.5.002.0
MinimumVisualStudioVersion = 10.0.40219.1
Project("{9A19103F-16F7-4668-BE54-9A1E7A4F7556}") = "Bff", "Bff.csproj", "{FD787501-2C09-4E4A-AA10-8F24CB2F3C4D}"
EndProject
Global
	GlobalSection(SolutionConfigurationPlatforms) = preSolution
		Debug|Any CPU = Debug|Any CPU
		Release|Any CPU = Release|Any CPU
	EndGlobalSection
	GlobalSection(ProjectConfigurationPlatforms) = postSolution
		{FD787501-2C09-4E4A-AA10-8F24CB2F3C4D}.Debug|Any CPU.ActiveCfg = Debug|Any CPU
		{FD787501-2C09-4E4A-AA10-8F24CB2F3C4D}.Debug|Any CPU.Build.0 = Debug|Any CPU
		{FD787501-2C09-4E4A-AA10-8F24CB2F3C4D}.Release|Any CPU.ActiveCfg = Release|Any CPU
		{FD787501-2C09-4E4A-AA10-8F24CB2F3C4D}.Release|Any CPU.Build.0 = Release|Any CPU
	EndGlobalSection
	GlobalSection(SolutionProperties) = preSolution
		HideSolutionNode = FALSE
	EndGlobalSection
	GlobalSection(ExtensibilityGlobals) = postSolution
		SolutionGuid = {D2C1B309-DC60-4BA6-9817-9E3AAB16AA4A}
	EndGlobalSection
EndGlobal
