
Microsoft Visual Studio Solution File, Format Version 12.00
# Visual Studio Version 17
VisualStudioVersion = 17.9.34728.123
MinimumVisualStudioVersion = 10.0.40219.1
Project("{2150E333-8FDC-42A3-9474-1A3956D46DE8}") = "src", "src", "{FB45E4A7-1562-4596-903D-C6710B471CD4}"
EndProject
Project("{9A19103F-16F7-4668-BE54-9A1E7A4F7556}") = "Bff", "src\Bff\Bff.csproj", "{E4374122-8A8E-425B-9930-99ADA10F7492}"
EndProject
Project("{9A19103F-16F7-4668-BE54-9A1E7A4F7556}") = "Bff.Application", "src\Bff.Application\Bff.Application.csproj", "{31077CCB-29B5-484C-94AD-5DD7100706C1}"
EndProject
Project("{9A19103F-16F7-4668-BE54-9A1E7A4F7556}") = "Bff.Domain", "src\Bff.Domain\Bff.Domain.csproj", "{97C8903E-F244-4F60-9813-320F5964CD70}"
EndProject
Project("{9A19103F-16F7-4668-BE54-9A1E7A4F7556}") = "Bff.Infrastructure", "src\Bff.Infrastructure\Bff.Infrastructure.csproj", "{A173E53A-A534-4227-B264-53FD0B692B13}"
EndProject
Project("{2150E333-8FDC-42A3-9474-1A3956D46DE8}") = "TodoSvc", "TodoSvc", "{8C2D76C3-D9ED-4A60-9908-259E427D3797}"
EndProject
Project("{9A19103F-16F7-4668-BE54-9A1E7A4F7556}") = "Bff.Base", "Src\Bff.Base\Bff.Base.csproj", "{372025EC-4AA7-448B-BD2B-9625592D8D97}"
EndProject
Project("{9A19103F-16F7-4668-BE54-9A1E7A4F7556}") = "NetHelper", "NetHelper\NetHelper.csproj", "{4F9AC048-3889-4BB5-BDCD-8296E8FBD322}"
EndProject
Project("{9A19103F-16F7-4668-BE54-9A1E7A4F7556}") = "TodoSvc.Domain", "TodoSvc\Todo.Domain\TodoSvc.Domain.csproj", "{7E7F833E-F041-4404-AE4F-DB13C2D6DD40}"
EndProject
Project("{9A19103F-16F7-4668-BE54-9A1E7A4F7556}") = "TodoSvc.Application", "TodoSvc\Todo.Application\TodoSvc.Application.csproj", "{E060330E-0113-4326-A764-40836DD7F01E}"
EndProject
Project("{9A19103F-16F7-4668-BE54-9A1E7A4F7556}") = "TodoSvc.Infrastructure", "TodoSvc\Todo.Infrastructure\TodoSvc.Infrastructure.csproj", "{28ED65B8-C363-45EF-AB91-ED7D7763C8AF}"
EndProject
Project("{2150E333-8FDC-42A3-9474-1A3956D46DE8}") = "PerfSvc", "PerfSvc", "{8172B565-7EB3-4ED1-849C-541DE922C2E5}"
EndProject
Project("{9A19103F-16F7-4668-BE54-9A1E7A4F7556}") = "PerfSvc.Domain", "PerfSvc\PerfSvc.Domain\PerfSvc.Domain.csproj", "{A8DD5A92-C295-45EB-A3D1-9A92C587B800}"
EndProject
Project("{9A19103F-16F7-4668-BE54-9A1E7A4F7556}") = "PerfSvc.Application", "PerfSvc\PerfSvc.Application\PerfSvc.Application.csproj", "{4AED7439-4830-4BAF-8CF7-4B31DF2CB746}"
EndProject
Project("{9A19103F-16F7-4668-BE54-9A1E7A4F7556}") = "PerfSvc.Infrastructure", "PerfSvc\PerfSvc.Infrastructure\PerfSvc.Infrastructure.csproj", "{C40CC4C9-7891-4267-83AC-3A6AA4B644D5}"
EndProject
Project("{2150E333-8FDC-42A3-9474-1A3956D46DE8}") = "Solution Items", "Solution Items", "{4D679B8E-6D90-405F-9C75-8E68673CBA8A}"
	ProjectSection(SolutionItems) = preProject
		..\README.md = ..\README.md
	EndProjectSection
EndProject
Global
	GlobalSection(SolutionConfigurationPlatforms) = preSolution
		Debug|Any CPU = Debug|Any CPU
		Release|Any CPU = Release|Any CPU
	EndGlobalSection
	GlobalSection(ProjectConfigurationPlatforms) = postSolution
		{E4374122-8A8E-425B-9930-99ADA10F7492}.Debug|Any CPU.ActiveCfg = Debug|Any CPU
		{E4374122-8A8E-425B-9930-99ADA10F7492}.Debug|Any CPU.Build.0 = Debug|Any CPU
		{E4374122-8A8E-425B-9930-99ADA10F7492}.Release|Any CPU.ActiveCfg = Release|Any CPU
		{E4374122-8A8E-425B-9930-99ADA10F7492}.Release|Any CPU.Build.0 = Release|Any CPU
		{31077CCB-29B5-484C-94AD-5DD7100706C1}.Debug|Any CPU.ActiveCfg = Debug|Any CPU
		{31077CCB-29B5-484C-94AD-5DD7100706C1}.Debug|Any CPU.Build.0 = Debug|Any CPU
		{31077CCB-29B5-484C-94AD-5DD7100706C1}.Release|Any CPU.ActiveCfg = Release|Any CPU
		{31077CCB-29B5-484C-94AD-5DD7100706C1}.Release|Any CPU.Build.0 = Release|Any CPU
		{97C8903E-F244-4F60-9813-320F5964CD70}.Debug|Any CPU.ActiveCfg = Debug|Any CPU
		{97C8903E-F244-4F60-9813-320F5964CD70}.Debug|Any CPU.Build.0 = Debug|Any CPU
		{97C8903E-F244-4F60-9813-320F5964CD70}.Release|Any CPU.ActiveCfg = Release|Any CPU
		{97C8903E-F244-4F60-9813-320F5964CD70}.Release|Any CPU.Build.0 = Release|Any CPU
		{A173E53A-A534-4227-B264-53FD0B692B13}.Debug|Any CPU.ActiveCfg = Debug|Any CPU
		{A173E53A-A534-4227-B264-53FD0B692B13}.Debug|Any CPU.Build.0 = Debug|Any CPU
		{A173E53A-A534-4227-B264-53FD0B692B13}.Release|Any CPU.ActiveCfg = Release|Any CPU
		{A173E53A-A534-4227-B264-53FD0B692B13}.Release|Any CPU.Build.0 = Release|Any CPU
		{372025EC-4AA7-448B-BD2B-9625592D8D97}.Debug|Any CPU.ActiveCfg = Debug|Any CPU
		{372025EC-4AA7-448B-BD2B-9625592D8D97}.Debug|Any CPU.Build.0 = Debug|Any CPU
		{372025EC-4AA7-448B-BD2B-9625592D8D97}.Release|Any CPU.ActiveCfg = Release|Any CPU
		{372025EC-4AA7-448B-BD2B-9625592D8D97}.Release|Any CPU.Build.0 = Release|Any CPU
		{4F9AC048-3889-4BB5-BDCD-8296E8FBD322}.Debug|Any CPU.ActiveCfg = Debug|Any CPU
		{4F9AC048-3889-4BB5-BDCD-8296E8FBD322}.Debug|Any CPU.Build.0 = Debug|Any CPU
		{4F9AC048-3889-4BB5-BDCD-8296E8FBD322}.Release|Any CPU.ActiveCfg = Release|Any CPU
		{4F9AC048-3889-4BB5-BDCD-8296E8FBD322}.Release|Any CPU.Build.0 = Release|Any CPU
		{7E7F833E-F041-4404-AE4F-DB13C2D6DD40}.Debug|Any CPU.ActiveCfg = Debug|Any CPU
		{7E7F833E-F041-4404-AE4F-DB13C2D6DD40}.Debug|Any CPU.Build.0 = Debug|Any CPU
		{7E7F833E-F041-4404-AE4F-DB13C2D6DD40}.Release|Any CPU.ActiveCfg = Release|Any CPU
		{7E7F833E-F041-4404-AE4F-DB13C2D6DD40}.Release|Any CPU.Build.0 = Release|Any CPU
		{E060330E-0113-4326-A764-40836DD7F01E}.Debug|Any CPU.ActiveCfg = Debug|Any CPU
		{E060330E-0113-4326-A764-40836DD7F01E}.Debug|Any CPU.Build.0 = Debug|Any CPU
		{E060330E-0113-4326-A764-40836DD7F01E}.Release|Any CPU.ActiveCfg = Release|Any CPU
		{E060330E-0113-4326-A764-40836DD7F01E}.Release|Any CPU.Build.0 = Release|Any CPU
		{28ED65B8-C363-45EF-AB91-ED7D7763C8AF}.Debug|Any CPU.ActiveCfg = Debug|Any CPU
		{28ED65B8-C363-45EF-AB91-ED7D7763C8AF}.Debug|Any CPU.Build.0 = Debug|Any CPU
		{28ED65B8-C363-45EF-AB91-ED7D7763C8AF}.Release|Any CPU.ActiveCfg = Release|Any CPU
		{28ED65B8-C363-45EF-AB91-ED7D7763C8AF}.Release|Any CPU.Build.0 = Release|Any CPU
		{A8DD5A92-C295-45EB-A3D1-9A92C587B800}.Debug|Any CPU.ActiveCfg = Debug|Any CPU
		{A8DD5A92-C295-45EB-A3D1-9A92C587B800}.Debug|Any CPU.Build.0 = Debug|Any CPU
		{A8DD5A92-C295-45EB-A3D1-9A92C587B800}.Release|Any CPU.ActiveCfg = Release|Any CPU
		{A8DD5A92-C295-45EB-A3D1-9A92C587B800}.Release|Any CPU.Build.0 = Release|Any CPU
		{4AED7439-4830-4BAF-8CF7-4B31DF2CB746}.Debug|Any CPU.ActiveCfg = Debug|Any CPU
		{4AED7439-4830-4BAF-8CF7-4B31DF2CB746}.Debug|Any CPU.Build.0 = Debug|Any CPU
		{4AED7439-4830-4BAF-8CF7-4B31DF2CB746}.Release|Any CPU.ActiveCfg = Release|Any CPU
		{4AED7439-4830-4BAF-8CF7-4B31DF2CB746}.Release|Any CPU.Build.0 = Release|Any CPU
		{C40CC4C9-7891-4267-83AC-3A6AA4B644D5}.Debug|Any CPU.ActiveCfg = Debug|Any CPU
		{C40CC4C9-7891-4267-83AC-3A6AA4B644D5}.Debug|Any CPU.Build.0 = Debug|Any CPU
		{C40CC4C9-7891-4267-83AC-3A6AA4B644D5}.Release|Any CPU.ActiveCfg = Release|Any CPU
		{C40CC4C9-7891-4267-83AC-3A6AA4B644D5}.Release|Any CPU.Build.0 = Release|Any CPU
	EndGlobalSection
	GlobalSection(SolutionProperties) = preSolution
		HideSolutionNode = FALSE
	EndGlobalSection
	GlobalSection(NestedProjects) = preSolution
		{E4374122-8A8E-425B-9930-99ADA10F7492} = {FB45E4A7-1562-4596-903D-C6710B471CD4}
		{31077CCB-29B5-484C-94AD-5DD7100706C1} = {FB45E4A7-1562-4596-903D-C6710B471CD4}
		{97C8903E-F244-4F60-9813-320F5964CD70} = {FB45E4A7-1562-4596-903D-C6710B471CD4}
		{A173E53A-A534-4227-B264-53FD0B692B13} = {FB45E4A7-1562-4596-903D-C6710B471CD4}
		{8C2D76C3-D9ED-4A60-9908-259E427D3797} = {FB45E4A7-1562-4596-903D-C6710B471CD4}
		{372025EC-4AA7-448B-BD2B-9625592D8D97} = {FB45E4A7-1562-4596-903D-C6710B471CD4}
		{4F9AC048-3889-4BB5-BDCD-8296E8FBD322} = {FB45E4A7-1562-4596-903D-C6710B471CD4}
		{7E7F833E-F041-4404-AE4F-DB13C2D6DD40} = {8C2D76C3-D9ED-4A60-9908-259E427D3797}
		{E060330E-0113-4326-A764-40836DD7F01E} = {8C2D76C3-D9ED-4A60-9908-259E427D3797}
		{28ED65B8-C363-45EF-AB91-ED7D7763C8AF} = {8C2D76C3-D9ED-4A60-9908-259E427D3797}
		{8172B565-7EB3-4ED1-849C-541DE922C2E5} = {FB45E4A7-1562-4596-903D-C6710B471CD4}
		{A8DD5A92-C295-45EB-A3D1-9A92C587B800} = {8172B565-7EB3-4ED1-849C-541DE922C2E5}
		{4AED7439-4830-4BAF-8CF7-4B31DF2CB746} = {8172B565-7EB3-4ED1-849C-541DE922C2E5}
		{C40CC4C9-7891-4267-83AC-3A6AA4B644D5} = {8172B565-7EB3-4ED1-849C-541DE922C2E5}
	EndGlobalSection
	GlobalSection(ExtensibilityGlobals) = postSolution
		SolutionGuid = {E9CEB233-8E7E-4D2B-8217-8B34F037EFE2}
	EndGlobalSection
EndGlobal
