
Microsoft Visual Studio Solution File, Format Version 12.00
# Visual Studio Version 17
VisualStudioVersion = 17.5.002.0
MinimumVisualStudioVersion = 10.0.40219.1
Project("{9A19103F-16F7-4668-BE54-9A1E7A4F7556}") = "TodoSvc.Application", "Todo.Application\TodoSvc.Application.csproj", "{69256BCE-95EA-4644-A988-698DC8FCEF3B}"
EndProject
Project("{9A19103F-16F7-4668-BE54-9A1E7A4F7556}") = "TodoSvc.Domain", "Todo.Domain\TodoSvc.Domain.csproj", "{D6E37213-8198-427C-9671-8B53606035B8}"
EndProject
Project("{9A19103F-16F7-4668-BE54-9A1E7A4F7556}") = "TodoSvc.Infrastructure", "Todo.Infrastructure\TodoSvc.Infrastructure.csproj", "{F31616B8-292E-4109-B65B-326238021047}"
EndProject
Global
	GlobalSection(SolutionConfigurationPlatforms) = preSolution
		Debug|Any CPU = Debug|Any CPU
		Release|Any CPU = Release|Any CPU
	EndGlobalSection
	GlobalSection(ProjectConfigurationPlatforms) = postSolution
		{69256BCE-95EA-4644-A988-698DC8FCEF3B}.Debug|Any CPU.ActiveCfg = Debug|Any CPU
		{69256BCE-95EA-4644-A988-698DC8FCEF3B}.Debug|Any CPU.Build.0 = Debug|Any CPU
		{69256BCE-95EA-4644-A988-698DC8FCEF3B}.Release|Any CPU.ActiveCfg = Release|Any CPU
		{69256BCE-95EA-4644-A988-698DC8FCEF3B}.Release|Any CPU.Build.0 = Release|Any CPU
		{D6E37213-8198-427C-9671-8B53606035B8}.Debug|Any CPU.ActiveCfg = Debug|Any CPU
		{D6E37213-8198-427C-9671-8B53606035B8}.Debug|Any CPU.Build.0 = Debug|Any CPU
		{D6E37213-8198-427C-9671-8B53606035B8}.Release|Any CPU.ActiveCfg = Release|Any CPU
		{D6E37213-8198-427C-9671-8B53606035B8}.Release|Any CPU.Build.0 = Release|Any CPU
		{F31616B8-292E-4109-B65B-326238021047}.Debug|Any CPU.ActiveCfg = Debug|Any CPU
		{F31616B8-292E-4109-B65B-326238021047}.Debug|Any CPU.Build.0 = Debug|Any CPU
		{F31616B8-292E-4109-B65B-326238021047}.Release|Any CPU.ActiveCfg = Release|Any CPU
		{F31616B8-292E-4109-B65B-326238021047}.Release|Any CPU.Build.0 = Release|Any CPU
	EndGlobalSection
	GlobalSection(SolutionProperties) = preSolution
		HideSolutionNode = FALSE
	EndGlobalSection
	GlobalSection(ExtensibilityGlobals) = postSolution
		SolutionGuid = {5F2EDFD0-2D2A-4A94-9EDD-9422E91FEB66}
	EndGlobalSection
EndGlobal
